
Microsoft Visual Studio Solution File, Format Version 12.00
# Visual Studio 15
VisualStudioVersion = 15.0.28010.2003
MinimumVisualStudioVersion = 10.0.40219.1
Project("{FAE04EC0-301F-11D3-BF4B-00C04F79EFBC}") = "aula dia 21 de agosto", "aula dia 21 de agosto\aula dia 21 de agosto.csproj", "{15AE2BBD-45D5-4895-874B-8F4FF4440B21}"
EndProject
Global
	GlobalSection(SolutionConfigurationPlatforms) = preSolution
		Debug|Any CPU = Debug|Any CPU
		Release|Any CPU = Release|Any CPU
	EndGlobalSection
	GlobalSection(ProjectConfigurationPlatforms) = postSolution
		{15AE2BBD-45D5-4895-874B-8F4FF4440B21}.Debug|Any CPU.ActiveCfg = Debug|Any CPU
		{15AE2BBD-45D5-4895-874B-8F4FF4440B21}.Debug|Any CPU.Build.0 = Debug|Any CPU
		{15AE2BBD-45D5-4895-874B-8F4FF4440B21}.Release|Any CPU.ActiveCfg = Release|Any CPU
		{15AE2BBD-45D5-4895-874B-8F4FF4440B21}.Release|Any CPU.Build.0 = Release|Any CPU
	EndGlobalSection
	GlobalSection(SolutionProperties) = preSolution
		HideSolutionNode = FALSE
	EndGlobalSection
	GlobalSection(ExtensibilityGlobals) = postSolution
		SolutionGuid = {8DAA308A-BD44-4AF1-A869-EBCD7FFF688E}
	EndGlobalSection
EndGlobal
