
Microsoft Visual Studio Solution File, Format Version 12.00
# Visual Studio 15
VisualStudioVersion = 15.0.28010.2003
MinimumVisualStudioVersion = 10.0.40219.1
Project("{9A19103F-16F7-4668-BE54-9A1E7A4F7556}") = "Aulas de Edilson", "Aulas de Edilson\Aulas de Edilson.csproj", "{28E0D45F-0445-4731-8A45-141D8DCAA936}"
EndProject
Project("{9A19103F-16F7-4668-BE54-9A1E7A4F7556}") = "exercicio1_03_09_2018", "exercicio1_03_09_2018\exercicio1_03_09_2018.csproj", "{88CBEB13-4877-443F-99D1-0936300E8485}"
EndProject
Project("{FAE04EC0-301F-11D3-BF4B-00C04F79EFBC}") = "exercicio2_03_09_2018", "exercicio2_03_09_2018\exercicio2_03_09_2018.csproj", "{2B50810B-A7C2-43F5-BDEC-148ACD0DF072}"
EndProject
Global
	GlobalSection(SolutionConfigurationPlatforms) = preSolution
		Debug|Any CPU = Debug|Any CPU
		Release|Any CPU = Release|Any CPU
	EndGlobalSection
	GlobalSection(ProjectConfigurationPlatforms) = postSolution
		{28E0D45F-0445-4731-8A45-141D8DCAA936}.Debug|Any CPU.ActiveCfg = Debug|Any CPU
		{28E0D45F-0445-4731-8A45-141D8DCAA936}.Debug|Any CPU.Build.0 = Debug|Any CPU
		{28E0D45F-0445-4731-8A45-141D8DCAA936}.Release|Any CPU.ActiveCfg = Release|Any CPU
		{28E0D45F-0445-4731-8A45-141D8DCAA936}.Release|Any CPU.Build.0 = Release|Any CPU
		{88CBEB13-4877-443F-99D1-0936300E8485}.Debug|Any CPU.ActiveCfg = Debug|Any CPU
		{88CBEB13-4877-443F-99D1-0936300E8485}.Debug|Any CPU.Build.0 = Debug|Any CPU
		{88CBEB13-4877-443F-99D1-0936300E8485}.Release|Any CPU.ActiveCfg = Release|Any CPU
		{88CBEB13-4877-443F-99D1-0936300E8485}.Release|Any CPU.Build.0 = Release|Any CPU
		{2B50810B-A7C2-43F5-BDEC-148ACD0DF072}.Debug|Any CPU.ActiveCfg = Debug|Any CPU
		{2B50810B-A7C2-43F5-BDEC-148ACD0DF072}.Debug|Any CPU.Build.0 = Debug|Any CPU
		{2B50810B-A7C2-43F5-BDEC-148ACD0DF072}.Release|Any CPU.ActiveCfg = Release|Any CPU
		{2B50810B-A7C2-43F5-BDEC-148ACD0DF072}.Release|Any CPU.Build.0 = Release|Any CPU
	EndGlobalSection
	GlobalSection(SolutionProperties) = preSolution
		HideSolutionNode = FALSE
	EndGlobalSection
	GlobalSection(ExtensibilityGlobals) = postSolution
		SolutionGuid = {0811CBC1-5A4E-4DC5-A432-1AF7DA29F8E7}
	EndGlobalSection
EndGlobal
